
Microsoft Visual Studio Solution File, Format Version 9.00
# Visual C++ Express 2005
Project("{8BC9CEB8-8B4A-11D0-8D11-00A0C91BC942}") = "New1", "New1\New1.vcproj", "{4A92DFC5-1B7B-4411-B504-5AE313AC7087}"
EndProject
Global
	GlobalSection(SolutionConfigurationPlatforms) = preSolution
		Debug|Win32 = Debug|Win32
		Release|Win32 = Release|Win32
	EndGlobalSection
	GlobalSection(ProjectConfigurationPlatforms) = postSolution
		{4A92DFC5-1B7B-4411-B504-5AE313AC7087}.Debug|Win32.ActiveCfg = Debug|Win32
		{4A92DFC5-1B7B-4411-B504-5AE313AC7087}.Debug|Win32.Build.0 = Debug|Win32
		{4A92DFC5-1B7B-4411-B504-5AE313AC7087}.Release|Win32.ActiveCfg = Release|Win32
		{4A92DFC5-1B7B-4411-B504-5AE313AC7087}.Release|Win32.Build.0 = Release|Win32
	EndGlobalSection
	GlobalSection(SolutionProperties) = preSolution
		HideSolutionNode = FALSE
	EndGlobalSection
EndGlobal
